
Microsoft Visual Studio Solution File, Format Version 12.00
# Visual Studio Version 17
VisualStudioVersion = 17.2.32602.215
MinimumVisualStudioVersion = 10.0.40219.1
Project("{FAE04EC0-301F-11D3-BF4B-00C04F79EFBC}") = "MatchGame", "MatchGame\MatchGame.csproj", "{8BA1B07B-AB12-4C82-B57C-FFE3E85DA0F9}"
EndProject
Global
	GlobalSection(SolutionConfigurationPlatforms) = preSolution
		Debug|Any CPU = Debug|Any CPU
		Release|Any CPU = Release|Any CPU
	EndGlobalSection
	GlobalSection(ProjectConfigurationPlatforms) = postSolution
		{8BA1B07B-AB12-4C82-B57C-FFE3E85DA0F9}.Debug|Any CPU.ActiveCfg = Debug|Any CPU
		{8BA1B07B-AB12-4C82-B57C-FFE3E85DA0F9}.Debug|Any CPU.Build.0 = Debug|Any CPU
		{8BA1B07B-AB12-4C82-B57C-FFE3E85DA0F9}.Release|Any CPU.ActiveCfg = Release|Any CPU
		{8BA1B07B-AB12-4C82-B57C-FFE3E85DA0F9}.Release|Any CPU.Build.0 = Release|Any CPU
	EndGlobalSection
	GlobalSection(SolutionProperties) = preSolution
		HideSolutionNode = FALSE
	EndGlobalSection
	GlobalSection(ExtensibilityGlobals) = postSolution
		SolutionGuid = {9154D3AB-43DD-4112-B81C-565D5128CDFB}
	EndGlobalSection
EndGlobal
